// !$*UTF8*$!
{
	archiveVersion = 1;
	classes = {
	};
	objectVersion = 54;
	objects = {

/* Begin PBXBuildFile section */
		00E356F31AD99517003FC87E /* EcommerceTests.m in Sources */ = {isa = PBXBuildFile; fileRef = 00E356F21AD99517003FC87E /* EcommerceTests.m */; };
		0C80B921A6F3F58F76C31292 /* libPods-Ecommerce.a in Frameworks */ = {isa = PBXBuildFile; fileRef = 5DCACB8F33CDC322A6C60F78 /* libPods-Ecommerce.a */; };
		13B07FBC1A68108700A75B9A /* AppDelegate.mm in Sources */ = {isa = PBXBuildFile; fileRef = 13B07FB01A68108700A75B9A /* AppDelegate.mm */; };
		13B07FBF1A68108700A75B9A /* Images.xcassets in Resources */ = {isa = PBXBuildFile; fileRef = 13B07FB51A68108700A75B9A /* Images.xcassets */; };
		13B07FC11A68108700A75B9A /* main.m in Sources */ = {isa = PBXBuildFile; fileRef = 13B07FB71A68108700A75B9A /* main.m */; };
		7699B88040F8A987B510C191 /* libPods-Ecommerce-EcommerceTests.a in Frameworks */ = {isa = PBXBuildFile; fileRef = 19F6CBCC0A4E27FBF8BF4A61 /* libPods-Ecommerce-EcommerceTests.a */; };
		81AB9BB82411601600AC10FF /* LaunchScreen.storyboard in Resources */ = {isa = PBXBuildFile; fileRef = 81AB9BB72411601600AC10FF /* LaunchScreen.storyboard */; };
		62ADE665BDBC4E3F84040F52 /* Inter-Black.ttf in Resources */ = {isa = PBXBuildFile; fileRef = 2EDC0CDB9BFC4229BF4FE27A /* Inter-Black.ttf */; };
		C97C3C44496042B899F47C54 /* Inter-Bold.ttf in Resources */ = {isa = PBXBuildFile; fileRef = 645777E8DE9346AB9633086F /* Inter-Bold.ttf */; };
		AE27669CDF01473380568CC6 /* Inter-ExtraBold.ttf in Resources */ = {isa = PBXBuildFile; fileRef = D798CC0713D341BBB4B9729E /* Inter-ExtraBold.ttf */; };
		627D9052FF6E415AA8A55AA6 /* Inter-ExtraLight.ttf in Resources */ = {isa = PBXBuildFile; fileRef = 0000DF355DFD42478A6B1005 /* Inter-ExtraLight.ttf */; };
		E24BE4AFD3AD466CB8360188 /* Inter-Light.ttf in Resources */ = {isa = PBXBuildFile; fileRef = 2BB0BAC85B67418E8C545A36 /* Inter-Light.ttf */; };
		70B1BAEC7D1B487BA7B04947 /* Inter-Medium.ttf in Resources */ = {isa = PBXBuildFile; fileRef = 8867F2BAC71B4E7DACC25D33 /* Inter-Medium.ttf */; };
		583A8493253041E9A0B2B4C0 /* Inter-Regular.ttf in Resources */ = {isa = PBXBuildFile; fileRef = CBD72A3C19AA4BAAB041860D /* Inter-Regular.ttf */; };
		73164580A78144738EB02D1C /* Inter-SemiBold.ttf in Resources */ = {isa = PBXBuildFile; fileRef = 278C6B1AB2BE463892F87AC4 /* Inter-SemiBold.ttf */; };
		E0BFA698C4F54D07B6511ED7 /* Inter-Thin.ttf in Resources */ = {isa = PBXBuildFile; fileRef = 6B48CBF2DA384C928A92F852 /* Inter-Thin.ttf */; };
		EAAAAEF812C54539B1736FE8 /* Poppins-Black.ttf in Resources */ = {isa = PBXBuildFile; fileRef = 4BA2D1D230074C82927BC3BA /* Poppins-Black.ttf */; };
		FB047BE4810E4323BAA867E7 /* Poppins-BlackItalic.ttf in Resources */ = {isa = PBXBuildFile; fileRef = A7C23E3D0BEE4B7FBF89542D /* Poppins-BlackItalic.ttf */; };
		A6A838B82C5545B98A129A10 /* Poppins-Bold.ttf in Resources */ = {isa = PBXBuildFile; fileRef = CC60C0B2640D4CD5B08D8F19 /* Poppins-Bold.ttf */; };
		984C9BDA69FA4F419814AC00 /* Poppins-BoldItalic.ttf in Resources */ = {isa = PBXBuildFile; fileRef = 260E0E228E7540E0B7812253 /* Poppins-BoldItalic.ttf */; };
		5E83556A484844A9830278B4 /* Poppins-ExtraBold.ttf in Resources */ = {isa = PBXBuildFile; fileRef = B2D4A2041E3D42A797CBF962 /* Poppins-ExtraBold.ttf */; };
		33D98D18E3D643879C124771 /* Poppins-ExtraBoldItalic.ttf in Resources */ = {isa = PBXBuildFile; fileRef = 1C803DE5D4884FBDB4A9012E /* Poppins-ExtraBoldItalic.ttf */; };
		E2402FE7F9D648D6A0C61D4D /* Poppins-ExtraLight.ttf in Resources */ = {isa = PBXBuildFile; fileRef = 8AF023FCDD79492196B2EB6A /* Poppins-ExtraLight.ttf */; };
		1BFE3CFBAEBD42279D17AFA0 /* Poppins-ExtraLightItalic.ttf in Resources */ = {isa = PBXBuildFile; fileRef = F7BFF258D91F41FC9EF86D7F /* Poppins-ExtraLightItalic.ttf */; };
		A34C958F12EA4BE18E7905CD /* Poppins-Italic.ttf in Resources */ = {isa = PBXBuildFile; fileRef = A79C8096540642BAAB8DF64E /* Poppins-Italic.ttf */; };
		B5888403B3B140F6B0A54B8A /* Poppins-Light.ttf in Resources */ = {isa = PBXBuildFile; fileRef = 29886297A0BE4647A80F12A1 /* Poppins-Light.ttf */; };
		CCDB65E192DE422F85430026 /* Poppins-LightItalic.ttf in Resources */ = {isa = PBXBuildFile; fileRef = D6E57781336F4B64A44A3EEA /* Poppins-LightItalic.ttf */; };
		1EF873C94479485F8A58D2FC /* Poppins-Medium.ttf in Resources */ = {isa = PBXBuildFile; fileRef = 0BCC3B0FD6654D8FB73BA687 /* Poppins-Medium.ttf */; };
		69DF38C61CD147D392274545 /* Poppins-MediumItalic.ttf in Resources */ = {isa = PBXBuildFile; fileRef = EE6A7EB8B18D4CB19EE41925 /* Poppins-MediumItalic.ttf */; };
		90090622A1F74465813F0765 /* Poppins-Regular.ttf in Resources */ = {isa = PBXBuildFile; fileRef = 393DA340C8AD4197AC3742E7 /* Poppins-Regular.ttf */; };
		44CCA08920FB43C0BB7677FB /* Poppins-SemiBold.ttf in Resources */ = {isa = PBXBuildFile; fileRef = 39F558CE7F2748A49C574338 /* Poppins-SemiBold.ttf */; };
		EB11FBB846BC48AFA17B3BE2 /* Poppins-SemiBoldItalic.ttf in Resources */ = {isa = PBXBuildFile; fileRef = A7869C11D28946698702EEE9 /* Poppins-SemiBoldItalic.ttf */; };
		7E351C8F44EE4855ABEA4A21 /* Poppins-Thin.ttf in Resources */ = {isa = PBXBuildFile; fileRef = 585377D802474C039F717EF9 /* Poppins-Thin.ttf */; };
		50B205BB89244F77828B6616 /* Poppins-ThinItalic.ttf in Resources */ = {isa = PBXBuildFile; fileRef = 776F488FC98B4F5FB7B53C0B /* Poppins-ThinItalic.ttf */; };
		3B16120F69FA45B1AF47F002 /* Sequel-45file1.ttf in Resources */ = {isa = PBXBuildFile; fileRef = 2907246CB81D48A8A301C3DF /* Sequel-45file1.ttf */; };
		DC04F92E7BCE463D896F9EF4 /* Sequel-45file2.ttf in Resources */ = {isa = PBXBuildFile; fileRef = 94A21CE256B249F99E50903A /* Sequel-45file2.ttf */; };
		769749435934439F82020189 /* Sequel-55file1.ttf in Resources */ = {isa = PBXBuildFile; fileRef = DBF96969C6D4444E862C2D0A /* Sequel-55file1.ttf */; };
		8007F677B5914772A719FD41 /* Sequel-55file2.ttf in Resources */ = {isa = PBXBuildFile; fileRef = 740EF04082B14EB782BF2A48 /* Sequel-55file2.ttf */; };
		1E954EECA1ED4B4BBF450683 /* Sequel-65file1.ttf in Resources */ = {isa = PBXBuildFile; fileRef = 46B3A656457C49E48DD23C5F /* Sequel-65file1.ttf */; };
		4F29FA6FBB9C4CD9B1C12FAA /* Sequel-65file2.ttf in Resources */ = {isa = PBXBuildFile; fileRef = 6939A7037D0540E0AB2D9EE2 /* Sequel-65file2.ttf */; };
		E821111B44004AE298BE9568 /* Sequel100Wide-45.ttf in Resources */ = {isa = PBXBuildFile; fileRef = 50307FD795A1421C9E678FA9 /* Sequel100Wide-45.ttf */; };
		4A0DF607B904432B8F318315 /* Sequel100Wide-55.ttf in Resources */ = {isa = PBXBuildFile; fileRef = 17A55B501B3A4CE0B500BF49 /* Sequel100Wide-55.ttf */; };
		F641ADD5E42E4E949543BF16 /* Sequel100Wide-65.ttf in Resources */ = {isa = PBXBuildFile; fileRef = D6D79ADE9E3D434684DEB782 /* Sequel100Wide-65.ttf */; };
		A2A4D3FE7344479FA3866D96 /* AntDesign.ttf in Resources */ = {isa = PBXBuildFile; fileRef = 6C0E4908C91241F7806EED15 /* AntDesign.ttf */; };
		145172A879374BB3AE4D0ED4 /* Entypo.ttf in Resources */ = {isa = PBXBuildFile; fileRef = A440AC6BE5174756A158630B /* Entypo.ttf */; };
		E162732586A84467B7FA50BF /* EvilIcons.ttf in Resources */ = {isa = PBXBuildFile; fileRef = 89C18ECBCCF14D7BBC22E98C /* EvilIcons.ttf */; };
		EF8F13F639254D978BFC1544 /* Feather.ttf in Resources */ = {isa = PBXBuildFile; fileRef = E13618C2A1744033B96A6990 /* Feather.ttf */; };
		F540EBBAEBA24CDCB54FC82A /* FontAwesome.ttf in Resources */ = {isa = PBXBuildFile; fileRef = E082B4782FC444978168ED29 /* FontAwesome.ttf */; };
		8692E8C029F944739C5A08C8 /* FontAwesome5_Brands.ttf in Resources */ = {isa = PBXBuildFile; fileRef = D9C0F665E81F4671AC6E1DC1 /* FontAwesome5_Brands.ttf */; };
		A70ABF211634439A8CA3DE8F /* FontAwesome5_Regular.ttf in Resources */ = {isa = PBXBuildFile; fileRef = D16FE8F0A5694730863197DD /* FontAwesome5_Regular.ttf */; };
		E7771FB65B2842E6AC41B49A /* FontAwesome5_Solid.ttf in Resources */ = {isa = PBXBuildFile; fileRef = 1DC1B0C16F4746049C962D64 /* FontAwesome5_Solid.ttf */; };
		E1973159D5414E36B05D88DB /* Fontisto.ttf in Resources */ = {isa = PBXBuildFile; fileRef = ACB507513478438FA9630BC2 /* Fontisto.ttf */; };
		4119F94F147B47A786894D67 /* Foundation.ttf in Resources */ = {isa = PBXBuildFile; fileRef = 25523FE7B29C4122AE63F688 /* Foundation.ttf */; };
		ED4DC28B2E0D4FB081C6736B /* Ionicons.ttf in Resources */ = {isa = PBXBuildFile; fileRef = 0E76A64CF2A249DB9379DFB5 /* Ionicons.ttf */; };
		90D2E7D5FAF3497A8816AE04 /* MaterialCommunityIcons.ttf in Resources */ = {isa = PBXBuildFile; fileRef = BCD402944CF74150B6763D8B /* MaterialCommunityIcons.ttf */; };
		DD7BAF8328A6400689677339 /* MaterialIcons.ttf in Resources */ = {isa = PBXBuildFile; fileRef = 1E5AE338A8AD4ECA84C2BF7D /* MaterialIcons.ttf */; };
		CDE5487B7D474766ADB99BD6 /* Octicons.ttf in Resources */ = {isa = PBXBuildFile; fileRef = B6D9AE28C8D24615836D21A5 /* Octicons.ttf */; };
		A2BF7D76AFA448D6ABD4BD9E /* Roboto_medium.ttf in Resources */ = {isa = PBXBuildFile; fileRef = B23F8D1E1238430186326711 /* Roboto_medium.ttf */; };
		18685B492CC1495789478EF8 /* Roboto.ttf in Resources */ = {isa = PBXBuildFile; fileRef = 21F17E01F3824E56BD32D58D /* Roboto.ttf */; };
		4B00B61B76B84175A4CEB3FC /* rubicon-icon-font.ttf in Resources */ = {isa = PBXBuildFile; fileRef = BBFCA1359FF5474DB6D23560 /* rubicon-icon-font.ttf */; };
		CDC24060F7E64AAB935FD435 /* SimpleLineIcons.ttf in Resources */ = {isa = PBXBuildFile; fileRef = 0D9A8420E11B4522AF391F69 /* SimpleLineIcons.ttf */; };
		DB967F9BBD584F868E4CC494 /* Zocial.ttf in Resources */ = {isa = PBXBuildFile; fileRef = E64AB362E3CB49D4A10FAC13 /* Zocial.ttf */; };
		7622AAD692D7433FBA8E97D0 /* WorkSans-Black.ttf in Resources */ = {isa = PBXBuildFile; fileRef = 32DAB5B68A9C436F9368BBB7 /* WorkSans-Black.ttf */; };
		979811EC141747BE84DA9A3D /* WorkSans-BlackItalic.ttf in Resources */ = {isa = PBXBuildFile; fileRef = D821DF366C6544CFACF89FC0 /* WorkSans-BlackItalic.ttf */; };
		C7751CF822C64FBA80E85D15 /* WorkSans-Bold.ttf in Resources */ = {isa = PBXBuildFile; fileRef = D2E6073E3F614F1FB5E79CA4 /* WorkSans-Bold.ttf */; };
		67000269AAA94C25A31903A4 /* WorkSans-BoldItalic.ttf in Resources */ = {isa = PBXBuildFile; fileRef = 56CF98948B84429DA72EA424 /* WorkSans-BoldItalic.ttf */; };
		9504A0D9C4EB4790863ECC24 /* WorkSans-ExtraBold.ttf in Resources */ = {isa = PBXBuildFile; fileRef = BE29176DD14348BF8218C407 /* WorkSans-ExtraBold.ttf */; };
		80B57CCA452C44E1A97D26C6 /* WorkSans-ExtraBoldItalic.ttf in Resources */ = {isa = PBXBuildFile; fileRef = 1416D855A8784C57B68837D4 /* WorkSans-ExtraBoldItalic.ttf */; };
		4E4A2F6FB36D4B299CC6D2AF /* WorkSans-ExtraLight.ttf in Resources */ = {isa = PBXBuildFile; fileRef = 8968BCDEDB4142A983593ECD /* WorkSans-ExtraLight.ttf */; };
		8C76F61363F74E27ADAE01B6 /* WorkSans-ExtraLightItalic.ttf in Resources */ = {isa = PBXBuildFile; fileRef = FF449392330D490C9C485B48 /* WorkSans-ExtraLightItalic.ttf */; };
		60121F39C5754B148B6741ED /* WorkSans-Italic.ttf in Resources */ = {isa = PBXBuildFile; fileRef = 88F4D0C8A3CD49BF978BDF71 /* WorkSans-Italic.ttf */; };
		240232600354451ABDBC2032 /* WorkSans-Light.ttf in Resources */ = {isa = PBXBuildFile; fileRef = 3F1FD2BD36C24A138973AEAC /* WorkSans-Light.ttf */; };
		DC6EFFB42733447BB31B0C83 /* WorkSans-LightItalic.ttf in Resources */ = {isa = PBXBuildFile; fileRef = 822AB7E5E2884F46A334D9D9 /* WorkSans-LightItalic.ttf */; };
		7BBF6CBB04C04BF5B43FB3D1 /* WorkSans-Medium.ttf in Resources */ = {isa = PBXBuildFile; fileRef = CF9147B40A0241A8BFBB0C2E /* WorkSans-Medium.ttf */; };
		C3003640306241F0B007EF94 /* WorkSans-MediumItalic.ttf in Resources */ = {isa = PBXBuildFile; fileRef = 7C664A799A444557AB0D871D /* WorkSans-MediumItalic.ttf */; };
		624D3D5E8722454C99514AA9 /* WorkSans-Regular.ttf in Resources */ = {isa = PBXBuildFile; fileRef = 4A831075316E49D195D8E30B /* WorkSans-Regular.ttf */; };
		E52202B1F93F4B95B23E9F63 /* WorkSans-SemiBold.ttf in Resources */ = {isa = PBXBuildFile; fileRef = 0DE3905D32944DA185DAF824 /* WorkSans-SemiBold.ttf */; };
		73074B8C74EB46EA8411A5D4 /* WorkSans-SemiBoldItalic.ttf in Resources */ = {isa = PBXBuildFile; fileRef = 10CBAAAA28094935B6304AAB /* WorkSans-SemiBoldItalic.ttf */; };
		2760005C7BE34E71B7FFC6FC /* WorkSans-Thin.ttf in Resources */ = {isa = PBXBuildFile; fileRef = 2D436DFDB4F64C099D50D8AE /* WorkSans-Thin.ttf */; };
		C9252117AB8245BA82AB4566 /* WorkSans-ThinItalic.ttf in Resources */ = {isa = PBXBuildFile; fileRef = 32DD4C7BCF774CFB962A5F64 /* WorkSans-ThinItalic.ttf */; };
/* End PBXBuildFile section */

/* Begin PBXContainerItemProxy section */
		00E356F41AD99517003FC87E /* PBXContainerItemProxy */ = {
			isa = PBXContainerItemProxy;
			containerPortal = 83CBB9F71A601CBA00E9B192 /* Project object */;
			proxyType = 1;
			remoteGlobalIDString = 13B07F861A680F5B00A75B9A;
			remoteInfo = Ecommerce;
		};
/* End PBXContainerItemProxy section */

/* Begin PBXFileReference section */
		00E356EE1AD99517003FC87E /* EcommerceTests.xctest */ = {isa = PBXFileReference; explicitFileType = wrapper.cfbundle; includeInIndex = 0; path = EcommerceTests.xctest; sourceTree = BUILT_PRODUCTS_DIR; };
		00E356F11AD99517003FC87E /* Info.plist */ = {isa = PBXFileReference; lastKnownFileType = text.plist.xml; path = Info.plist; sourceTree = "<group>"; };
		00E356F21AD99517003FC87E /* EcommerceTests.m */ = {isa = PBXFileReference; lastKnownFileType = sourcecode.c.objc; path = EcommerceTests.m; sourceTree = "<group>"; };
		13B07F961A680F5B00A75B9A /* Ecommerce.app */ = {isa = PBXFileReference; explicitFileType = wrapper.application; includeInIndex = 0; path = Ecommerce.app; sourceTree = BUILT_PRODUCTS_DIR; };
		13B07FAF1A68108700A75B9A /* AppDelegate.h */ = {isa = PBXFileReference; fileEncoding = 4; lastKnownFileType = sourcecode.c.h; name = AppDelegate.h; path = Ecommerce/AppDelegate.h; sourceTree = "<group>"; };
		13B07FB01A68108700A75B9A /* AppDelegate.mm */ = {isa = PBXFileReference; fileEncoding = 4; lastKnownFileType = sourcecode.cpp.objcpp; name = AppDelegate.mm; path = Ecommerce/AppDelegate.mm; sourceTree = "<group>"; };
		13B07FB51A68108700A75B9A /* Images.xcassets */ = {isa = PBXFileReference; lastKnownFileType = folder.assetcatalog; name = Images.xcassets; path = Ecommerce/Images.xcassets; sourceTree = "<group>"; };
		13B07FB61A68108700A75B9A /* Info.plist */ = {isa = PBXFileReference; fileEncoding = 4; lastKnownFileType = text.plist.xml; name = Info.plist; path = Ecommerce/Info.plist; sourceTree = "<group>"; };
		13B07FB71A68108700A75B9A /* main.m */ = {isa = PBXFileReference; fileEncoding = 4; lastKnownFileType = sourcecode.c.objc; name = main.m; path = Ecommerce/main.m; sourceTree = "<group>"; };
		19F6CBCC0A4E27FBF8BF4A61 /* libPods-Ecommerce-EcommerceTests.a */ = {isa = PBXFileReference; explicitFileType = archive.ar; includeInIndex = 0; path = "libPods-Ecommerce-EcommerceTests.a"; sourceTree = BUILT_PRODUCTS_DIR; };
		3B4392A12AC88292D35C810B /* Pods-Ecommerce.debug.xcconfig */ = {isa = PBXFileReference; includeInIndex = 1; lastKnownFileType = text.xcconfig; name = "Pods-Ecommerce.debug.xcconfig"; path = "Target Support Files/Pods-Ecommerce/Pods-Ecommerce.debug.xcconfig"; sourceTree = "<group>"; };
		5709B34CF0A7D63546082F79 /* Pods-Ecommerce.release.xcconfig */ = {isa = PBXFileReference; includeInIndex = 1; lastKnownFileType = text.xcconfig; name = "Pods-Ecommerce.release.xcconfig"; path = "Target Support Files/Pods-Ecommerce/Pods-Ecommerce.release.xcconfig"; sourceTree = "<group>"; };
		5B7EB9410499542E8C5724F5 /* Pods-Ecommerce-EcommerceTests.debug.xcconfig */ = {isa = PBXFileReference; includeInIndex = 1; lastKnownFileType = text.xcconfig; name = "Pods-Ecommerce-EcommerceTests.debug.xcconfig"; path = "Target Support Files/Pods-Ecommerce-EcommerceTests/Pods-Ecommerce-EcommerceTests.debug.xcconfig"; sourceTree = "<group>"; };
		5DCACB8F33CDC322A6C60F78 /* libPods-Ecommerce.a */ = {isa = PBXFileReference; explicitFileType = archive.ar; includeInIndex = 0; path = "libPods-Ecommerce.a"; sourceTree = BUILT_PRODUCTS_DIR; };
		81AB9BB72411601600AC10FF /* LaunchScreen.storyboard */ = {isa = PBXFileReference; fileEncoding = 4; lastKnownFileType = file.storyboard; name = LaunchScreen.storyboard; path = Ecommerce/LaunchScreen.storyboard; sourceTree = "<group>"; };
		89C6BE57DB24E9ADA2F236DE /* Pods-Ecommerce-EcommerceTests.release.xcconfig */ = {isa = PBXFileReference; includeInIndex = 1; lastKnownFileType = text.xcconfig; name = "Pods-Ecommerce-EcommerceTests.release.xcconfig"; path = "Target Support Files/Pods-Ecommerce-EcommerceTests/Pods-Ecommerce-EcommerceTests.release.xcconfig"; sourceTree = "<group>"; };
		ED297162215061F000B7C4FE /* JavaScriptCore.framework */ = {isa = PBXFileReference; lastKnownFileType = wrapper.framework; name = JavaScriptCore.framework; path = System/Library/Frameworks/JavaScriptCore.framework; sourceTree = SDKROOT; };
		2EDC0CDB9BFC4229BF4FE27A /* Inter-Black.ttf */ = {isa = PBXFileReference; name = "Inter-Black.ttf"; path = "../src/assets/fonts/Inter-Black.ttf"; sourceTree = "<group>"; fileEncoding = undefined; lastKnownFileType = unknown; explicitFileType = undefined; includeInIndex = 0; };
		645777E8DE9346AB9633086F /* Inter-Bold.ttf */ = {isa = PBXFileReference; name = "Inter-Bold.ttf"; path = "../src/assets/fonts/Inter-Bold.ttf"; sourceTree = "<group>"; fileEncoding = undefined; lastKnownFileType = unknown; explicitFileType = undefined; includeInIndex = 0; };
		D798CC0713D341BBB4B9729E /* Inter-ExtraBold.ttf */ = {isa = PBXFileReference; name = "Inter-ExtraBold.ttf"; path = "../src/assets/fonts/Inter-ExtraBold.ttf"; sourceTree = "<group>"; fileEncoding = undefined; lastKnownFileType = unknown; explicitFileType = undefined; includeInIndex = 0; };
		0000DF355DFD42478A6B1005 /* Inter-ExtraLight.ttf */ = {isa = PBXFileReference; name = "Inter-ExtraLight.ttf"; path = "../src/assets/fonts/Inter-ExtraLight.ttf"; sourceTree = "<group>"; fileEncoding = undefined; lastKnownFileType = unknown; explicitFileType = undefined; includeInIndex = 0; };
		2BB0BAC85B67418E8C545A36 /* Inter-Light.ttf */ = {isa = PBXFileReference; name = "Inter-Light.ttf"; path = "../src/assets/fonts/Inter-Light.ttf"; sourceTree = "<group>"; fileEncoding = undefined; lastKnownFileType = unknown; explicitFileType = undefined; includeInIndex = 0; };
		8867F2BAC71B4E7DACC25D33 /* Inter-Medium.ttf */ = {isa = PBXFileReference; name = "Inter-Medium.ttf"; path = "../src/assets/fonts/Inter-Medium.ttf"; sourceTree = "<group>"; fileEncoding = undefined; lastKnownFileType = unknown; explicitFileType = undefined; includeInIndex = 0; };
		CBD72A3C19AA4BAAB041860D /* Inter-Regular.ttf */ = {isa = PBXFileReference; name = "Inter-Regular.ttf"; path = "../src/assets/fonts/Inter-Regular.ttf"; sourceTree = "<group>"; fileEncoding = undefined; lastKnownFileType = unknown; explicitFileType = undefined; includeInIndex = 0; };
		278C6B1AB2BE463892F87AC4 /* Inter-SemiBold.ttf */ = {isa = PBXFileReference; name = "Inter-SemiBold.ttf"; path = "../src/assets/fonts/Inter-SemiBold.ttf"; sourceTree = "<group>"; fileEncoding = undefined; lastKnownFileType = unknown; explicitFileType = undefined; includeInIndex = 0; };
		6B48CBF2DA384C928A92F852 /* Inter-Thin.ttf */ = {isa = PBXFileReference; name = "Inter-Thin.ttf"; path = "../src/assets/fonts/Inter-Thin.ttf"; sourceTree = "<group>"; fileEncoding = undefined; lastKnownFileType = unknown; explicitFileType = undefined; includeInIndex = 0; };
		4BA2D1D230074C82927BC3BA /* Poppins-Black.ttf */ = {isa = PBXFileReference; name = "Poppins-Black.ttf"; path = "../src/assets/fonts/Poppins-Black.ttf"; sourceTree = "<group>"; fileEncoding = undefined; lastKnownFileType = unknown; explicitFileType = undefined; includeInIndex = 0; };
		A7C23E3D0BEE4B7FBF89542D /* Poppins-BlackItalic.ttf */ = {isa = PBXFileReference; name = "Poppins-BlackItalic.ttf"; path = "../src/assets/fonts/Poppins-BlackItalic.ttf"; sourceTree = "<group>"; fileEncoding = undefined; lastKnownFileType = unknown; explicitFileType = undefined; includeInIndex = 0; };
		CC60C0B2640D4CD5B08D8F19 /* Poppins-Bold.ttf */ = {isa = PBXFileReference; name = "Poppins-Bold.ttf"; path = "../src/assets/fonts/Poppins-Bold.ttf"; sourceTree = "<group>"; fileEncoding = undefined; lastKnownFileType = unknown; explicitFileType = undefined; includeInIndex = 0; };
		260E0E228E7540E0B7812253 /* Poppins-BoldItalic.ttf */ = {isa = PBXFileReference; name = "Poppins-BoldItalic.ttf"; path = "../src/assets/fonts/Poppins-BoldItalic.ttf"; sourceTree = "<group>"; fileEncoding = undefined; lastKnownFileType = unknown; explicitFileType = undefined; includeInIndex = 0; };
		B2D4A2041E3D42A797CBF962 /* Poppins-ExtraBold.ttf */ = {isa = PBXFileReference; name = "Poppins-ExtraBold.ttf"; path = "../src/assets/fonts/Poppins-ExtraBold.ttf"; sourceTree = "<group>"; fileEncoding = undefined; lastKnownFileType = unknown; explicitFileType = undefined; includeInIndex = 0; };
		1C803DE5D4884FBDB4A9012E /* Poppins-ExtraBoldItalic.ttf */ = {isa = PBXFileReference; name = "Poppins-ExtraBoldItalic.ttf"; path = "../src/assets/fonts/Poppins-ExtraBoldItalic.ttf"; sourceTree = "<group>"; fileEncoding = undefined; lastKnownFileType = unknown; explicitFileType = undefined; includeInIndex = 0; };
		8AF023FCDD79492196B2EB6A /* Poppins-ExtraLight.ttf */ = {isa = PBXFileReference; name = "Poppins-ExtraLight.ttf"; path = "../src/assets/fonts/Poppins-ExtraLight.ttf"; sourceTree = "<group>"; fileEncoding = undefined; lastKnownFileType = unknown; explicitFileType = undefined; includeInIndex = 0; };
		F7BFF258D91F41FC9EF86D7F /* Poppins-ExtraLightItalic.ttf */ = {isa = PBXFileReference; name = "Poppins-ExtraLightItalic.ttf"; path = "../src/assets/fonts/Poppins-ExtraLightItalic.ttf"; sourceTree = "<group>"; fileEncoding = undefined; lastKnownFileType = unknown; explicitFileType = undefined; includeInIndex = 0; };
		A79C8096540642BAAB8DF64E /* Poppins-Italic.ttf */ = {isa = PBXFileReference; name = "Poppins-Italic.ttf"; path = "../src/assets/fonts/Poppins-Italic.ttf"; sourceTree = "<group>"; fileEncoding = undefined; lastKnownFileType = unknown; explicitFileType = undefined; includeInIndex = 0; };
		29886297A0BE4647A80F12A1 /* Poppins-Light.ttf */ = {isa = PBXFileReference; name = "Poppins-Light.ttf"; path = "../src/assets/fonts/Poppins-Light.ttf"; sourceTree = "<group>"; fileEncoding = undefined; lastKnownFileType = unknown; explicitFileType = undefined; includeInIndex = 0; };
		D6E57781336F4B64A44A3EEA /* Poppins-LightItalic.ttf */ = {isa = PBXFileReference; name = "Poppins-LightItalic.ttf"; path = "../src/assets/fonts/Poppins-LightItalic.ttf"; sourceTree = "<group>"; fileEncoding = undefined; lastKnownFileType = unknown; explicitFileType = undefined; includeInIndex = 0; };
		0BCC3B0FD6654D8FB73BA687 /* Poppins-Medium.ttf */ = {isa = PBXFileReference; name = "Poppins-Medium.ttf"; path = "../src/assets/fonts/Poppins-Medium.ttf"; sourceTree = "<group>"; fileEncoding = undefined; lastKnownFileType = unknown; explicitFileType = undefined; includeInIndex = 0; };
		EE6A7EB8B18D4CB19EE41925 /* Poppins-MediumItalic.ttf */ = {isa = PBXFileReference; name = "Poppins-MediumItalic.ttf"; path = "../src/assets/fonts/Poppins-MediumItalic.ttf"; sourceTree = "<group>"; fileEncoding = undefined; lastKnownFileType = unknown; explicitFileType = undefined; includeInIndex = 0; };
		393DA340C8AD4197AC3742E7 /* Poppins-Regular.ttf */ = {isa = PBXFileReference; name = "Poppins-Regular.ttf"; path = "../src/assets/fonts/Poppins-Regular.ttf"; sourceTree = "<group>"; fileEncoding = undefined; lastKnownFileType = unknown; explicitFileType = undefined; includeInIndex = 0; };
		39F558CE7F2748A49C574338 /* Poppins-SemiBold.ttf */ = {isa = PBXFileReference; name = "Poppins-SemiBold.ttf"; path = "../src/assets/fonts/Poppins-SemiBold.ttf"; sourceTree = "<group>"; fileEncoding = undefined; lastKnownFileType = unknown; explicitFileType = undefined; includeInIndex = 0; };
		A7869C11D28946698702EEE9 /* Poppins-SemiBoldItalic.ttf */ = {isa = PBXFileReference; name = "Poppins-SemiBoldItalic.ttf"; path = "../src/assets/fonts/Poppins-SemiBoldItalic.ttf"; sourceTree = "<group>"; fileEncoding = undefined; lastKnownFileType = unknown; explicitFileType = undefined; includeInIndex = 0; };
		585377D802474C039F717EF9 /* Poppins-Thin.ttf */ = {isa = PBXFileReference; name = "Poppins-Thin.ttf"; path = "../src/assets/fonts/Poppins-Thin.ttf"; sourceTree = "<group>"; fileEncoding = undefined; lastKnownFileType = unknown; explicitFileType = undefined; includeInIndex = 0; };
		776F488FC98B4F5FB7B53C0B /* Poppins-ThinItalic.ttf */ = {isa = PBXFileReference; name = "Poppins-ThinItalic.ttf"; path = "../src/assets/fonts/Poppins-ThinItalic.ttf"; sourceTree = "<group>"; fileEncoding = undefined; lastKnownFileType = unknown; explicitFileType = undefined; includeInIndex = 0; };
		2907246CB81D48A8A301C3DF /* Sequel-45file1.ttf */ = {isa = PBXFileReference; name = "Sequel-45file1.ttf"; path = "../src/assets/fonts/Sequel-45file1.ttf"; sourceTree = "<group>"; fileEncoding = undefined; lastKnownFileType = unknown; explicitFileType = undefined; includeInIndex = 0; };
		94A21CE256B249F99E50903A /* Sequel-45file2.ttf */ = {isa = PBXFileReference; name = "Sequel-45file2.ttf"; path = "../src/assets/fonts/Sequel-45file2.ttf"; sourceTree = "<group>"; fileEncoding = undefined; lastKnownFileType = unknown; explicitFileType = undefined; includeInIndex = 0; };
		DBF96969C6D4444E862C2D0A /* Sequel-55file1.ttf */ = {isa = PBXFileReference; name = "Sequel-55file1.ttf"; path = "../src/assets/fonts/Sequel-55file1.ttf"; sourceTree = "<group>"; fileEncoding = undefined; lastKnownFileType = unknown; explicitFileType = undefined; includeInIndex = 0; };
		740EF04082B14EB782BF2A48 /* Sequel-55file2.ttf */ = {isa = PBXFileReference; name = "Sequel-55file2.ttf"; path = "../src/assets/fonts/Sequel-55file2.ttf"; sourceTree = "<group>"; fileEncoding = undefined; lastKnownFileType = unknown; explicitFileType = undefined; includeInIndex = 0; };
		46B3A656457C49E48DD23C5F /* Sequel-65file1.ttf */ = {isa = PBXFileReference; name = "Sequel-65file1.ttf"; path = "../src/assets/fonts/Sequel-65file1.ttf"; sourceTree = "<group>"; fileEncoding = undefined; lastKnownFileType = unknown; explicitFileType = undefined; includeInIndex = 0; };
		6939A7037D0540E0AB2D9EE2 /* Sequel-65file2.ttf */ = {isa = PBXFileReference; name = "Sequel-65file2.ttf"; path = "../src/assets/fonts/Sequel-65file2.ttf"; sourceTree = "<group>"; fileEncoding = undefined; lastKnownFileType = unknown; explicitFileType = undefined; includeInIndex = 0; };
		50307FD795A1421C9E678FA9 /* Sequel100Wide-45.ttf */ = {isa = PBXFileReference; name = "Sequel100Wide-45.ttf"; path = "../src/assets/fonts/Sequel100Wide-45.ttf"; sourceTree = "<group>"; fileEncoding = undefined; lastKnownFileType = unknown; explicitFileType = undefined; includeInIndex = 0; };
		17A55B501B3A4CE0B500BF49 /* Sequel100Wide-55.ttf */ = {isa = PBXFileReference; name = "Sequel100Wide-55.ttf"; path = "../src/assets/fonts/Sequel100Wide-55.ttf"; sourceTree = "<group>"; fileEncoding = undefined; lastKnownFileType = unknown; explicitFileType = undefined; includeInIndex = 0; };
		D6D79ADE9E3D434684DEB782 /* Sequel100Wide-65.ttf */ = {isa = PBXFileReference; name = "Sequel100Wide-65.ttf"; path = "../src/assets/fonts/Sequel100Wide-65.ttf"; sourceTree = "<group>"; fileEncoding = undefined; lastKnownFileType = unknown; explicitFileType = undefined; includeInIndex = 0; };
		6C0E4908C91241F7806EED15 /* AntDesign.ttf */ = {isa = PBXFileReference; name = "AntDesign.ttf"; path = "../node_modules/native-base/Fonts/AntDesign.ttf"; sourceTree = "<group>"; fileEncoding = undefined; lastKnownFileType = unknown; explicitFileType = undefined; includeInIndex = 0; };
		A440AC6BE5174756A158630B /* Entypo.ttf */ = {isa = PBXFileReference; name = "Entypo.ttf"; path = "../node_modules/native-base/Fonts/Entypo.ttf"; sourceTree = "<group>"; fileEncoding = undefined; lastKnownFileType = unknown; explicitFileType = undefined; includeInIndex = 0; };
		89C18ECBCCF14D7BBC22E98C /* EvilIcons.ttf */ = {isa = PBXFileReference; name = "EvilIcons.ttf"; path = "../node_modules/native-base/Fonts/EvilIcons.ttf"; sourceTree = "<group>"; fileEncoding = undefined; lastKnownFileType = unknown; explicitFileType = undefined; includeInIndex = 0; };
		E13618C2A1744033B96A6990 /* Feather.ttf */ = {isa = PBXFileReference; name = "Feather.ttf"; path = "../node_modules/native-base/Fonts/Feather.ttf"; sourceTree = "<group>"; fileEncoding = undefined; lastKnownFileType = unknown; explicitFileType = undefined; includeInIndex = 0; };
		E082B4782FC444978168ED29 /* FontAwesome.ttf */ = {isa = PBXFileReference; name = "FontAwesome.ttf"; path = "../node_modules/native-base/Fonts/FontAwesome.ttf"; sourceTree = "<group>"; fileEncoding = undefined; lastKnownFileType = unknown; explicitFileType = undefined; includeInIndex = 0; };
		D9C0F665E81F4671AC6E1DC1 /* FontAwesome5_Brands.ttf */ = {isa = PBXFileReference; name = "FontAwesome5_Brands.ttf"; path = "../node_modules/native-base/Fonts/FontAwesome5_Brands.ttf"; sourceTree = "<group>"; fileEncoding = undefined; lastKnownFileType = unknown; explicitFileType = undefined; includeInIndex = 0; };
		D16FE8F0A5694730863197DD /* FontAwesome5_Regular.ttf */ = {isa = PBXFileReference; name = "FontAwesome5_Regular.ttf"; path = "../node_modules/native-base/Fonts/FontAwesome5_Regular.ttf"; sourceTree = "<group>"; fileEncoding = undefined; lastKnownFileType = unknown; explicitFileType = undefined; includeInIndex = 0; };
		1DC1B0C16F4746049C962D64 /* FontAwesome5_Solid.ttf */ = {isa = PBXFileReference; name = "FontAwesome5_Solid.ttf"; path = "../node_modules/native-base/Fonts/FontAwesome5_Solid.ttf"; sourceTree = "<group>"; fileEncoding = undefined; lastKnownFileType = unknown; explicitFileType = undefined; includeInIndex = 0; };
		ACB507513478438FA9630BC2 /* Fontisto.ttf */ = {isa = PBXFileReference; name = "Fontisto.ttf"; path = "../node_modules/native-base/Fonts/Fontisto.ttf"; sourceTree = "<group>"; fileEncoding = undefined; lastKnownFileType = unknown; explicitFileType = undefined; includeInIndex = 0; };
		25523FE7B29C4122AE63F688 /* Foundation.ttf */ = {isa = PBXFileReference; name = "Foundation.ttf"; path = "../node_modules/native-base/Fonts/Foundation.ttf"; sourceTree = "<group>"; fileEncoding = undefined; lastKnownFileType = unknown; explicitFileType = undefined; includeInIndex = 0; };
		0E76A64CF2A249DB9379DFB5 /* Ionicons.ttf */ = {isa = PBXFileReference; name = "Ionicons.ttf"; path = "../node_modules/native-base/Fonts/Ionicons.ttf"; sourceTree = "<group>"; fileEncoding = undefined; lastKnownFileType = unknown; explicitFileType = undefined; includeInIndex = 0; };
		BCD402944CF74150B6763D8B /* MaterialCommunityIcons.ttf */ = {isa = PBXFileReference; name = "MaterialCommunityIcons.ttf"; path = "../node_modules/native-base/Fonts/MaterialCommunityIcons.ttf"; sourceTree = "<group>"; fileEncoding = undefined; lastKnownFileType = unknown; explicitFileType = undefined; includeInIndex = 0; };
		1E5AE338A8AD4ECA84C2BF7D /* MaterialIcons.ttf */ = {isa = PBXFileReference; name = "MaterialIcons.ttf"; path = "../node_modules/native-base/Fonts/MaterialIcons.ttf"; sourceTree = "<group>"; fileEncoding = undefined; lastKnownFileType = unknown; explicitFileType = undefined; includeInIndex = 0; };
		B6D9AE28C8D24615836D21A5 /* Octicons.ttf */ = {isa = PBXFileReference; name = "Octicons.ttf"; path = "../node_modules/native-base/Fonts/Octicons.ttf"; sourceTree = "<group>"; fileEncoding = undefined; lastKnownFileType = unknown; explicitFileType = undefined; includeInIndex = 0; };
		B23F8D1E1238430186326711 /* Roboto_medium.ttf */ = {isa = PBXFileReference; name = "Roboto_medium.ttf"; path = "../node_modules/native-base/Fonts/Roboto_medium.ttf"; sourceTree = "<group>"; fileEncoding = undefined; lastKnownFileType = unknown; explicitFileType = undefined; includeInIndex = 0; };
		21F17E01F3824E56BD32D58D /* Roboto.ttf */ = {isa = PBXFileReference; name = "Roboto.ttf"; path = "../node_modules/native-base/Fonts/Roboto.ttf"; sourceTree = "<group>"; fileEncoding = undefined; lastKnownFileType = unknown; explicitFileType = undefined; includeInIndex = 0; };
		BBFCA1359FF5474DB6D23560 /* rubicon-icon-font.ttf */ = {isa = PBXFileReference; name = "rubicon-icon-font.ttf"; path = "../node_modules/native-base/Fonts/rubicon-icon-font.ttf"; sourceTree = "<group>"; fileEncoding = undefined; lastKnownFileType = unknown; explicitFileType = undefined; includeInIndex = 0; };
		0D9A8420E11B4522AF391F69 /* SimpleLineIcons.ttf */ = {isa = PBXFileReference; name = "SimpleLineIcons.ttf"; path = "../node_modules/native-base/Fonts/SimpleLineIcons.ttf"; sourceTree = "<group>"; fileEncoding = undefined; lastKnownFileType = unknown; explicitFileType = undefined; includeInIndex = 0; };
		E64AB362E3CB49D4A10FAC13 /* Zocial.ttf */ = {isa = PBXFileReference; name = "Zocial.ttf"; path = "../node_modules/native-base/Fonts/Zocial.ttf"; sourceTree = "<group>"; fileEncoding = undefined; lastKnownFileType = unknown; explicitFileType = undefined; includeInIndex = 0; };
		32DAB5B68A9C436F9368BBB7 /* WorkSans-Black.ttf */ = {isa = PBXFileReference; name = "WorkSans-Black.ttf"; path = "../src/assets/fonts/WorkSans-Black.ttf"; sourceTree = "<group>"; fileEncoding = undefined; lastKnownFileType = unknown; explicitFileType = undefined; includeInIndex = 0; };
		D821DF366C6544CFACF89FC0 /* WorkSans-BlackItalic.ttf */ = {isa = PBXFileReference; name = "WorkSans-BlackItalic.ttf"; path = "../src/assets/fonts/WorkSans-BlackItalic.ttf"; sourceTree = "<group>"; fileEncoding = undefined; lastKnownFileType = unknown; explicitFileType = undefined; includeInIndex = 0; };
		D2E6073E3F614F1FB5E79CA4 /* WorkSans-Bold.ttf */ = {isa = PBXFileReference; name = "WorkSans-Bold.ttf"; path = "../src/assets/fonts/WorkSans-Bold.ttf"; sourceTree = "<group>"; fileEncoding = undefined; lastKnownFileType = unknown; explicitFileType = undefined; includeInIndex = 0; };
		56CF98948B84429DA72EA424 /* WorkSans-BoldItalic.ttf */ = {isa = PBXFileReference; name = "WorkSans-BoldItalic.ttf"; path = "../src/assets/fonts/WorkSans-BoldItalic.ttf"; sourceTree = "<group>"; fileEncoding = undefined; lastKnownFileType = unknown; explicitFileType = undefined; includeInIndex = 0; };
		BE29176DD14348BF8218C407 /* WorkSans-ExtraBold.ttf */ = {isa = PBXFileReference; name = "WorkSans-ExtraBold.ttf"; path = "../src/assets/fonts/WorkSans-ExtraBold.ttf"; sourceTree = "<group>"; fileEncoding = undefined; lastKnownFileType = unknown; explicitFileType = undefined; includeInIndex = 0; };
		1416D855A8784C57B68837D4 /* WorkSans-ExtraBoldItalic.ttf */ = {isa = PBXFileReference; name = "WorkSans-ExtraBoldItalic.ttf"; path = "../src/assets/fonts/WorkSans-ExtraBoldItalic.ttf"; sourceTree = "<group>"; fileEncoding = undefined; lastKnownFileType = unknown; explicitFileType = undefined; includeInIndex = 0; };
		8968BCDEDB4142A983593ECD /* WorkSans-ExtraLight.ttf */ = {isa = PBXFileReference; name = "WorkSans-ExtraLight.ttf"; path = "../src/assets/fonts/WorkSans-ExtraLight.ttf"; sourceTree = "<group>"; fileEncoding = undefined; lastKnownFileType = unknown; explicitFileType = undefined; includeInIndex = 0; };
		FF449392330D490C9C485B48 /* WorkSans-ExtraLightItalic.ttf */ = {isa = PBXFileReference; name = "WorkSans-ExtraLightItalic.ttf"; path = "../src/assets/fonts/WorkSans-ExtraLightItalic.ttf"; sourceTree = "<group>"; fileEncoding = undefined; lastKnownFileType = unknown; explicitFileType = undefined; includeInIndex = 0; };
		88F4D0C8A3CD49BF978BDF71 /* WorkSans-Italic.ttf */ = {isa = PBXFileReference; name = "WorkSans-Italic.ttf"; path = "../src/assets/fonts/WorkSans-Italic.ttf"; sourceTree = "<group>"; fileEncoding = undefined; lastKnownFileType = unknown; explicitFileType = undefined; includeInIndex = 0; };
		3F1FD2BD36C24A138973AEAC /* WorkSans-Light.ttf */ = {isa = PBXFileReference; name = "WorkSans-Light.ttf"; path = "../src/assets/fonts/WorkSans-Light.ttf"; sourceTree = "<group>"; fileEncoding = undefined; lastKnownFileType = unknown; explicitFileType = undefined; includeInIndex = 0; };
		822AB7E5E2884F46A334D9D9 /* WorkSans-LightItalic.ttf */ = {isa = PBXFileReference; name = "WorkSans-LightItalic.ttf"; path = "../src/assets/fonts/WorkSans-LightItalic.ttf"; sourceTree = "<group>"; fileEncoding = undefined; lastKnownFileType = unknown; explicitFileType = undefined; includeInIndex = 0; };
		CF9147B40A0241A8BFBB0C2E /* WorkSans-Medium.ttf */ = {isa = PBXFileReference; name = "WorkSans-Medium.ttf"; path = "../src/assets/fonts/WorkSans-Medium.ttf"; sourceTree = "<group>"; fileEncoding = undefined; lastKnownFileType = unknown; explicitFileType = undefined; includeInIndex = 0; };
		7C664A799A444557AB0D871D /* WorkSans-MediumItalic.ttf */ = {isa = PBXFileReference; name = "WorkSans-MediumItalic.ttf"; path = "../src/assets/fonts/WorkSans-MediumItalic.ttf"; sourceTree = "<group>"; fileEncoding = undefined; lastKnownFileType = unknown; explicitFileType = undefined; includeInIndex = 0; };
		4A831075316E49D195D8E30B /* WorkSans-Regular.ttf */ = {isa = PBXFileReference; name = "WorkSans-Regular.ttf"; path = "../src/assets/fonts/WorkSans-Regular.ttf"; sourceTree = "<group>"; fileEncoding = undefined; lastKnownFileType = unknown; explicitFileType = undefined; includeInIndex = 0; };
		0DE3905D32944DA185DAF824 /* WorkSans-SemiBold.ttf */ = {isa = PBXFileReference; name = "WorkSans-SemiBold.ttf"; path = "../src/assets/fonts/WorkSans-SemiBold.ttf"; sourceTree = "<group>"; fileEncoding = undefined; lastKnownFileType = unknown; explicitFileType = undefined; includeInIndex = 0; };
		10CBAAAA28094935B6304AAB /* WorkSans-SemiBoldItalic.ttf */ = {isa = PBXFileReference; name = "WorkSans-SemiBoldItalic.ttf"; path = "../src/assets/fonts/WorkSans-SemiBoldItalic.ttf"; sourceTree = "<group>"; fileEncoding = undefined; lastKnownFileType = unknown; explicitFileType = undefined; includeInIndex = 0; };
		2D436DFDB4F64C099D50D8AE /* WorkSans-Thin.ttf */ = {isa = PBXFileReference; name = "WorkSans-Thin.ttf"; path = "../src/assets/fonts/WorkSans-Thin.ttf"; sourceTree = "<group>"; fileEncoding = undefined; lastKnownFileType = unknown; explicitFileType = undefined; includeInIndex = 0; };
		32DD4C7BCF774CFB962A5F64 /* WorkSans-ThinItalic.ttf */ = {isa = PBXFileReference; name = "WorkSans-ThinItalic.ttf"; path = "../src/assets/fonts/WorkSans-ThinItalic.ttf"; sourceTree = "<group>"; fileEncoding = undefined; lastKnownFileType = unknown; explicitFileType = undefined; includeInIndex = 0; };
/* End PBXFileReference section */

/* Begin PBXFrameworksBuildPhase section */
		00E356EB1AD99517003FC87E /* Frameworks */ = {
			isa = PBXFrameworksBuildPhase;
			buildActionMask = 2147483647;
			files = (
				7699B88040F8A987B510C191 /* libPods-Ecommerce-EcommerceTests.a in Frameworks */,
			);
			runOnlyForDeploymentPostprocessing = 0;
		};
		13B07F8C1A680F5B00A75B9A /* Frameworks */ = {
			isa = PBXFrameworksBuildPhase;
			buildActionMask = 2147483647;
			files = (
				0C80B921A6F3F58F76C31292 /* libPods-Ecommerce.a in Frameworks */,
			);
			runOnlyForDeploymentPostprocessing = 0;
		};
/* End PBXFrameworksBuildPhase section */

/* Begin PBXGroup section */
		00E356EF1AD99517003FC87E /* EcommerceTests */ = {
			isa = PBXGroup;
			children = (
				00E356F21AD99517003FC87E /* EcommerceTests.m */,
				00E356F01AD99517003FC87E /* Supporting Files */,
			);
			path = EcommerceTests;
			sourceTree = "<group>";
		};
		00E356F01AD99517003FC87E /* Supporting Files */ = {
			isa = PBXGroup;
			children = (
				00E356F11AD99517003FC87E /* Info.plist */,
			);
			name = "Supporting Files";
			sourceTree = "<group>";
		};
		13B07FAE1A68108700A75B9A /* Ecommerce */ = {
			isa = PBXGroup;
			children = (
				13B07FAF1A68108700A75B9A /* AppDelegate.h */,
				13B07FB01A68108700A75B9A /* AppDelegate.mm */,
				13B07FB51A68108700A75B9A /* Images.xcassets */,
				13B07FB61A68108700A75B9A /* Info.plist */,
				81AB9BB72411601600AC10FF /* LaunchScreen.storyboard */,
				13B07FB71A68108700A75B9A /* main.m */,
			);
			name = Ecommerce;
			sourceTree = "<group>";
		};
		2D16E6871FA4F8E400B85C8A /* Frameworks */ = {
			isa = PBXGroup;
			children = (
				ED297162215061F000B7C4FE /* JavaScriptCore.framework */,
				5DCACB8F33CDC322A6C60F78 /* libPods-Ecommerce.a */,
				19F6CBCC0A4E27FBF8BF4A61 /* libPods-Ecommerce-EcommerceTests.a */,
			);
			name = Frameworks;
			sourceTree = "<group>";
		};
		832341AE1AAA6A7D00B99B32 /* Libraries */ = {
			isa = PBXGroup;
			children = (
			);
			name = Libraries;
			sourceTree = "<group>";
		};
		83CBB9F61A601CBA00E9B192 = {
			isa = PBXGroup;
			children = (
				13B07FAE1A68108700A75B9A /* Ecommerce */,
				832341AE1AAA6A7D00B99B32 /* Libraries */,
				00E356EF1AD99517003FC87E /* EcommerceTests */,
				83CBBA001A601CBA00E9B192 /* Products */,
				2D16E6871FA4F8E400B85C8A /* Frameworks */,
				BBD78D7AC51CEA395F1C20DB /* Pods */,
				3EB9E6011F934D6A9DD5242B /* Resources */,
			);
			indentWidth = 2;
			sourceTree = "<group>";
			tabWidth = 2;
			usesTabs = 0;
		};
		83CBBA001A601CBA00E9B192 /* Products */ = {
			isa = PBXGroup;
			children = (
				13B07F961A680F5B00A75B9A /* Ecommerce.app */,
				00E356EE1AD99517003FC87E /* EcommerceTests.xctest */,
			);
			name = Products;
			sourceTree = "<group>";
		};
		BBD78D7AC51CEA395F1C20DB /* Pods */ = {
			isa = PBXGroup;
			children = (
				3B4392A12AC88292D35C810B /* Pods-Ecommerce.debug.xcconfig */,
				5709B34CF0A7D63546082F79 /* Pods-Ecommerce.release.xcconfig */,
				5B7EB9410499542E8C5724F5 /* Pods-Ecommerce-EcommerceTests.debug.xcconfig */,
				89C6BE57DB24E9ADA2F236DE /* Pods-Ecommerce-EcommerceTests.release.xcconfig */,
			);
			path = Pods;
			sourceTree = "<group>";
		};
		3EB9E6011F934D6A9DD5242B /* Resources */ = {
			isa = "PBXGroup";
			children = (
				2EDC0CDB9BFC4229BF4FE27A /* Inter-Black.ttf */,
				645777E8DE9346AB9633086F /* Inter-Bold.ttf */,
				D798CC0713D341BBB4B9729E /* Inter-ExtraBold.ttf */,
				0000DF355DFD42478A6B1005 /* Inter-ExtraLight.ttf */,
				2BB0BAC85B67418E8C545A36 /* Inter-Light.ttf */,
				8867F2BAC71B4E7DACC25D33 /* Inter-Medium.ttf */,
				CBD72A3C19AA4BAAB041860D /* Inter-Regular.ttf */,
				278C6B1AB2BE463892F87AC4 /* Inter-SemiBold.ttf */,
				6B48CBF2DA384C928A92F852 /* Inter-Thin.ttf */,
				4BA2D1D230074C82927BC3BA /* Poppins-Black.ttf */,
				A7C23E3D0BEE4B7FBF89542D /* Poppins-BlackItalic.ttf */,
				CC60C0B2640D4CD5B08D8F19 /* Poppins-Bold.ttf */,
				260E0E228E7540E0B7812253 /* Poppins-BoldItalic.ttf */,
				B2D4A2041E3D42A797CBF962 /* Poppins-ExtraBold.ttf */,
				1C803DE5D4884FBDB4A9012E /* Poppins-ExtraBoldItalic.ttf */,
				8AF023FCDD79492196B2EB6A /* Poppins-ExtraLight.ttf */,
				F7BFF258D91F41FC9EF86D7F /* Poppins-ExtraLightItalic.ttf */,
				A79C8096540642BAAB8DF64E /* Poppins-Italic.ttf */,
				29886297A0BE4647A80F12A1 /* Poppins-Light.ttf */,
				D6E57781336F4B64A44A3EEA /* Poppins-LightItalic.ttf */,
				0BCC3B0FD6654D8FB73BA687 /* Poppins-Medium.ttf */,
				EE6A7EB8B18D4CB19EE41925 /* Poppins-MediumItalic.ttf */,
				393DA340C8AD4197AC3742E7 /* Poppins-Regular.ttf */,
				39F558CE7F2748A49C574338 /* Poppins-SemiBold.ttf */,
				A7869C11D28946698702EEE9 /* Poppins-SemiBoldItalic.ttf */,
				585377D802474C039F717EF9 /* Poppins-Thin.ttf */,
				776F488FC98B4F5FB7B53C0B /* Poppins-ThinItalic.ttf */,
				2907246CB81D48A8A301C3DF /* Sequel-45file1.ttf */,
				94A21CE256B249F99E50903A /* Sequel-45file2.ttf */,
				DBF96969C6D4444E862C2D0A /* Sequel-55file1.ttf */,
				740EF04082B14EB782BF2A48 /* Sequel-55file2.ttf */,
				46B3A656457C49E48DD23C5F /* Sequel-65file1.ttf */,
				6939A7037D0540E0AB2D9EE2 /* Sequel-65file2.ttf */,
				50307FD795A1421C9E678FA9 /* Sequel100Wide-45.ttf */,
				17A55B501B3A4CE0B500BF49 /* Sequel100Wide-55.ttf */,
				D6D79ADE9E3D434684DEB782 /* Sequel100Wide-65.ttf */,
				6C0E4908C91241F7806EED15 /* AntDesign.ttf */,
				A440AC6BE5174756A158630B /* Entypo.ttf */,
				89C18ECBCCF14D7BBC22E98C /* EvilIcons.ttf */,
				E13618C2A1744033B96A6990 /* Feather.ttf */,
				E082B4782FC444978168ED29 /* FontAwesome.ttf */,
				D9C0F665E81F4671AC6E1DC1 /* FontAwesome5_Brands.ttf */,
				D16FE8F0A5694730863197DD /* FontAwesome5_Regular.ttf */,
				1DC1B0C16F4746049C962D64 /* FontAwesome5_Solid.ttf */,
				ACB507513478438FA9630BC2 /* Fontisto.ttf */,
				25523FE7B29C4122AE63F688 /* Foundation.ttf */,
				0E76A64CF2A249DB9379DFB5 /* Ionicons.ttf */,
				BCD402944CF74150B6763D8B /* MaterialCommunityIcons.ttf */,
				1E5AE338A8AD4ECA84C2BF7D /* MaterialIcons.ttf */,
				B6D9AE28C8D24615836D21A5 /* Octicons.ttf */,
				B23F8D1E1238430186326711 /* Roboto_medium.ttf */,
				21F17E01F3824E56BD32D58D /* Roboto.ttf */,
				BBFCA1359FF5474DB6D23560 /* rubicon-icon-font.ttf */,
				0D9A8420E11B4522AF391F69 /* SimpleLineIcons.ttf */,
				E64AB362E3CB49D4A10FAC13 /* Zocial.ttf */,
				32DAB5B68A9C436F9368BBB7 /* WorkSans-Black.ttf */,
				D821DF366C6544CFACF89FC0 /* WorkSans-BlackItalic.ttf */,
				D2E6073E3F614F1FB5E79CA4 /* WorkSans-Bold.ttf */,
				56CF98948B84429DA72EA424 /* WorkSans-BoldItalic.ttf */,
				BE29176DD14348BF8218C407 /* WorkSans-ExtraBold.ttf */,
				1416D855A8784C57B68837D4 /* WorkSans-ExtraBoldItalic.ttf */,
				8968BCDEDB4142A983593ECD /* WorkSans-ExtraLight.ttf */,
				FF449392330D490C9C485B48 /* WorkSans-ExtraLightItalic.ttf */,
				88F4D0C8A3CD49BF978BDF71 /* WorkSans-Italic.ttf */,
				3F1FD2BD36C24A138973AEAC /* WorkSans-Light.ttf */,
				822AB7E5E2884F46A334D9D9 /* WorkSans-LightItalic.ttf */,
				CF9147B40A0241A8BFBB0C2E /* WorkSans-Medium.ttf */,
				7C664A799A444557AB0D871D /* WorkSans-MediumItalic.ttf */,
				4A831075316E49D195D8E30B /* WorkSans-Regular.ttf */,
				0DE3905D32944DA185DAF824 /* WorkSans-SemiBold.ttf */,
				10CBAAAA28094935B6304AAB /* WorkSans-SemiBoldItalic.ttf */,
				2D436DFDB4F64C099D50D8AE /* WorkSans-Thin.ttf */,
				32DD4C7BCF774CFB962A5F64 /* WorkSans-ThinItalic.ttf */,
			);
			name = Resources;
			sourceTree = "<group>";
			path = "";
		};
/* End PBXGroup section */

/* Begin PBXNativeTarget section */
		00E356ED1AD99517003FC87E /* EcommerceTests */ = {
			isa = PBXNativeTarget;
			buildConfigurationList = 00E357021AD99517003FC87E /* Build configuration list for PBXNativeTarget "EcommerceTests" */;
			buildPhases = (
				A55EABD7B0C7F3A422A6CC61 /* [CP] Check Pods Manifest.lock */,
				00E356EA1AD99517003FC87E /* Sources */,
				00E356EB1AD99517003FC87E /* Frameworks */,
				00E356EC1AD99517003FC87E /* Resources */,
				C59DA0FBD6956966B86A3779 /* [CP] Embed Pods Frameworks */,
				F6A41C54EA430FDDC6A6ED99 /* [CP] Copy Pods Resources */,
			);
			buildRules = (
			);
			dependencies = (
				00E356F51AD99517003FC87E /* PBXTargetDependency */,
			);
			name = EcommerceTests;
			productName = EcommerceTests;
			productReference = 00E356EE1AD99517003FC87E /* EcommerceTests.xctest */;
			productType = "com.apple.product-type.bundle.unit-test";
		};
		13B07F861A680F5B00A75B9A /* Ecommerce */ = {
			isa = PBXNativeTarget;
			buildConfigurationList = 13B07F931A680F5B00A75B9A /* Build configuration list for PBXNativeTarget "Ecommerce" */;
			buildPhases = (
				C38B50BA6285516D6DCD4F65 /* [CP] Check Pods Manifest.lock */,
				FD10A7F022414F080027D42C /* Start Packager */,
				13B07F871A680F5B00A75B9A /* Sources */,
				13B07F8C1A680F5B00A75B9A /* Frameworks */,
				13B07F8E1A680F5B00A75B9A /* Resources */,
				00DD1BFF1BD5951E006B06BC /* Bundle React Native code and images */,
				00EEFC60759A1932668264C0 /* [CP] Embed Pods Frameworks */,
				E235C05ADACE081382539298 /* [CP] Copy Pods Resources */,
			);
			buildRules = (
			);
			dependencies = (
			);
			name = Ecommerce;
			productName = Ecommerce;
			productReference = 13B07F961A680F5B00A75B9A /* Ecommerce.app */;
			productType = "com.apple.product-type.application";
		};
/* End PBXNativeTarget section */

/* Begin PBXProject section */
		83CBB9F71A601CBA00E9B192 /* Project object */ = {
			isa = PBXProject;
			attributes = {
				LastUpgradeCheck = 1210;
				TargetAttributes = {
					00E356ED1AD99517003FC87E = {
						CreatedOnToolsVersion = 6.2;
						TestTargetID = 13B07F861A680F5B00A75B9A;
					};
					13B07F861A680F5B00A75B9A = {
						LastSwiftMigration = 1120;
					};
				};
			};
			buildConfigurationList = 83CBB9FA1A601CBA00E9B192 /* Build configuration list for PBXProject "Ecommerce" */;
			compatibilityVersion = "Xcode 12.0";
			developmentRegion = en;
			hasScannedForEncodings = 0;
			knownRegions = (
				en,
				Base,
			);
			mainGroup = 83CBB9F61A601CBA00E9B192;
			productRefGroup = 83CBBA001A601CBA00E9B192 /* Products */;
			projectDirPath = "";
			projectRoot = "";
			targets = (
				13B07F861A680F5B00A75B9A /* Ecommerce */,
				00E356ED1AD99517003FC87E /* EcommerceTests */,
			);
		};
/* End PBXProject section */

/* Begin PBXResourcesBuildPhase section */
		00E356EC1AD99517003FC87E /* Resources */ = {
			isa = PBXResourcesBuildPhase;
			buildActionMask = 2147483647;
			files = (
			);
			runOnlyForDeploymentPostprocessing = 0;
		};
		13B07F8E1A680F5B00A75B9A /* Resources */ = {
			isa = PBXResourcesBuildPhase;
			buildActionMask = 2147483647;
			files = (
				81AB9BB82411601600AC10FF /* LaunchScreen.storyboard in Resources */,
				13B07FBF1A68108700A75B9A /* Images.xcassets in Resources */,
				62ADE665BDBC4E3F84040F52 /* Inter-Black.ttf in Resources */,
				C97C3C44496042B899F47C54 /* Inter-Bold.ttf in Resources */,
				AE27669CDF01473380568CC6 /* Inter-ExtraBold.ttf in Resources */,
				627D9052FF6E415AA8A55AA6 /* Inter-ExtraLight.ttf in Resources */,
				E24BE4AFD3AD466CB8360188 /* Inter-Light.ttf in Resources */,
				70B1BAEC7D1B487BA7B04947 /* Inter-Medium.ttf in Resources */,
				583A8493253041E9A0B2B4C0 /* Inter-Regular.ttf in Resources */,
				73164580A78144738EB02D1C /* Inter-SemiBold.ttf in Resources */,
				E0BFA698C4F54D07B6511ED7 /* Inter-Thin.ttf in Resources */,
				EAAAAEF812C54539B1736FE8 /* Poppins-Black.ttf in Resources */,
				FB047BE4810E4323BAA867E7 /* Poppins-BlackItalic.ttf in Resources */,
				A6A838B82C5545B98A129A10 /* Poppins-Bold.ttf in Resources */,
				984C9BDA69FA4F419814AC00 /* Poppins-BoldItalic.ttf in Resources */,
				5E83556A484844A9830278B4 /* Poppins-ExtraBold.ttf in Resources */,
				33D98D18E3D643879C124771 /* Poppins-ExtraBoldItalic.ttf in Resources */,
				E2402FE7F9D648D6A0C61D4D /* Poppins-ExtraLight.ttf in Resources */,
				1BFE3CFBAEBD42279D17AFA0 /* Poppins-ExtraLightItalic.ttf in Resources */,
				A34C958F12EA4BE18E7905CD /* Poppins-Italic.ttf in Resources */,
				B5888403B3B140F6B0A54B8A /* Poppins-Light.ttf in Resources */,
				CCDB65E192DE422F85430026 /* Poppins-LightItalic.ttf in Resources */,
				1EF873C94479485F8A58D2FC /* Poppins-Medium.ttf in Resources */,
				69DF38C61CD147D392274545 /* Poppins-MediumItalic.ttf in Resources */,
				90090622A1F74465813F0765 /* Poppins-Regular.ttf in Resources */,
				44CCA08920FB43C0BB7677FB /* Poppins-SemiBold.ttf in Resources */,
				EB11FBB846BC48AFA17B3BE2 /* Poppins-SemiBoldItalic.ttf in Resources */,
				7E351C8F44EE4855ABEA4A21 /* Poppins-Thin.ttf in Resources */,
				50B205BB89244F77828B6616 /* Poppins-ThinItalic.ttf in Resources */,
				3B16120F69FA45B1AF47F002 /* Sequel-45file1.ttf in Resources */,
				DC04F92E7BCE463D896F9EF4 /* Sequel-45file2.ttf in Resources */,
				769749435934439F82020189 /* Sequel-55file1.ttf in Resources */,
				8007F677B5914772A719FD41 /* Sequel-55file2.ttf in Resources */,
				1E954EECA1ED4B4BBF450683 /* Sequel-65file1.ttf in Resources */,
				4F29FA6FBB9C4CD9B1C12FAA /* Sequel-65file2.ttf in Resources */,
				E821111B44004AE298BE9568 /* Sequel100Wide-45.ttf in Resources */,
				4A0DF607B904432B8F318315 /* Sequel100Wide-55.ttf in Resources */,
				F641ADD5E42E4E949543BF16 /* Sequel100Wide-65.ttf in Resources */,
				A2A4D3FE7344479FA3866D96 /* AntDesign.ttf in Resources */,
				145172A879374BB3AE4D0ED4 /* Entypo.ttf in Resources */,
				E162732586A84467B7FA50BF /* EvilIcons.ttf in Resources */,
				EF8F13F639254D978BFC1544 /* Feather.ttf in Resources */,
				F540EBBAEBA24CDCB54FC82A /* FontAwesome.ttf in Resources */,
				8692E8C029F944739C5A08C8 /* FontAwesome5_Brands.ttf in Resources */,
				A70ABF211634439A8CA3DE8F /* FontAwesome5_Regular.ttf in Resources */,
				E7771FB65B2842E6AC41B49A /* FontAwesome5_Solid.ttf in Resources */,
				E1973159D5414E36B05D88DB /* Fontisto.ttf in Resources */,
				4119F94F147B47A786894D67 /* Foundation.ttf in Resources */,
				ED4DC28B2E0D4FB081C6736B /* Ionicons.ttf in Resources */,
				90D2E7D5FAF3497A8816AE04 /* MaterialCommunityIcons.ttf in Resources */,
				DD7BAF8328A6400689677339 /* MaterialIcons.ttf in Resources */,
				CDE5487B7D474766ADB99BD6 /* Octicons.ttf in Resources */,
				A2BF7D76AFA448D6ABD4BD9E /* Roboto_medium.ttf in Resources */,
				18685B492CC1495789478EF8 /* Roboto.ttf in Resources */,
				4B00B61B76B84175A4CEB3FC /* rubicon-icon-font.ttf in Resources */,
				CDC24060F7E64AAB935FD435 /* SimpleLineIcons.ttf in Resources */,
				DB967F9BBD584F868E4CC494 /* Zocial.ttf in Resources */,
				7622AAD692D7433FBA8E97D0 /* WorkSans-Black.ttf in Resources */,
				979811EC141747BE84DA9A3D /* WorkSans-BlackItalic.ttf in Resources */,
				C7751CF822C64FBA80E85D15 /* WorkSans-Bold.ttf in Resources */,
				67000269AAA94C25A31903A4 /* WorkSans-BoldItalic.ttf in Resources */,
				9504A0D9C4EB4790863ECC24 /* WorkSans-ExtraBold.ttf in Resources */,
				80B57CCA452C44E1A97D26C6 /* WorkSans-ExtraBoldItalic.ttf in Resources */,
				4E4A2F6FB36D4B299CC6D2AF /* WorkSans-ExtraLight.ttf in Resources */,
				8C76F61363F74E27ADAE01B6 /* WorkSans-ExtraLightItalic.ttf in Resources */,
				60121F39C5754B148B6741ED /* WorkSans-Italic.ttf in Resources */,
				240232600354451ABDBC2032 /* WorkSans-Light.ttf in Resources */,
				DC6EFFB42733447BB31B0C83 /* WorkSans-LightItalic.ttf in Resources */,
				7BBF6CBB04C04BF5B43FB3D1 /* WorkSans-Medium.ttf in Resources */,
				C3003640306241F0B007EF94 /* WorkSans-MediumItalic.ttf in Resources */,
				624D3D5E8722454C99514AA9 /* WorkSans-Regular.ttf in Resources */,
				E52202B1F93F4B95B23E9F63 /* WorkSans-SemiBold.ttf in Resources */,
				73074B8C74EB46EA8411A5D4 /* WorkSans-SemiBoldItalic.ttf in Resources */,
				2760005C7BE34E71B7FFC6FC /* WorkSans-Thin.ttf in Resources */,
				C9252117AB8245BA82AB4566 /* WorkSans-ThinItalic.ttf in Resources */,
			);
			runOnlyForDeploymentPostprocessing = 0;
		};
/* End PBXResourcesBuildPhase section */

/* Begin PBXShellScriptBuildPhase section */
		00DD1BFF1BD5951E006B06BC /* Bundle React Native code and images */ = {
			isa = PBXShellScriptBuildPhase;
			buildActionMask = 2147483647;
			files = (
			);
			inputPaths = (
			);
			name = "Bundle React Native code and images";
			outputPaths = (
			);
			runOnlyForDeploymentPostprocessing = 0;
			shellPath = /bin/sh;
			shellScript = "set -e\n\nexport NODE_BINARY=node\n../node_modules/react-native/scripts/react-native-xcode.sh\n";
		};
		00EEFC60759A1932668264C0 /* [CP] Embed Pods Frameworks */ = {
			isa = PBXShellScriptBuildPhase;
			buildActionMask = 2147483647;
			files = (
			);
			inputFileListPaths = (
				"${PODS_ROOT}/Target Support Files/Pods-Ecommerce/Pods-Ecommerce-frameworks-${CONFIGURATION}-input-files.xcfilelist",
			);
			name = "[CP] Embed Pods Frameworks";
			outputFileListPaths = (
				"${PODS_ROOT}/Target Support Files/Pods-Ecommerce/Pods-Ecommerce-frameworks-${CONFIGURATION}-output-files.xcfilelist",
			);
			runOnlyForDeploymentPostprocessing = 0;
			shellPath = /bin/sh;
			shellScript = "\"${PODS_ROOT}/Target Support Files/Pods-Ecommerce/Pods-Ecommerce-frameworks.sh\"\n";
			showEnvVarsInLog = 0;
		};
		A55EABD7B0C7F3A422A6CC61 /* [CP] Check Pods Manifest.lock */ = {
			isa = PBXShellScriptBuildPhase;
			buildActionMask = 2147483647;
			files = (
			);
			inputFileListPaths = (
			);
			inputPaths = (
				"${PODS_PODFILE_DIR_PATH}/Podfile.lock",
				"${PODS_ROOT}/Manifest.lock",
			);
			name = "[CP] Check Pods Manifest.lock";
			outputFileListPaths = (
			);
			outputPaths = (
				"$(DERIVED_FILE_DIR)/Pods-Ecommerce-EcommerceTests-checkManifestLockResult.txt",
			);
			runOnlyForDeploymentPostprocessing = 0;
			shellPath = /bin/sh;
			shellScript = "diff \"${PODS_PODFILE_DIR_PATH}/Podfile.lock\" \"${PODS_ROOT}/Manifest.lock\" > /dev/null\nif [ $? != 0 ] ; then\n    # print error to STDERR\n    echo \"error: The sandbox is not in sync with the Podfile.lock. Run 'pod install' or update your CocoaPods installation.\" >&2\n    exit 1\nfi\n# This output is used by Xcode 'outputs' to avoid re-running this script phase.\necho \"SUCCESS\" > \"${SCRIPT_OUTPUT_FILE_0}\"\n";
			showEnvVarsInLog = 0;
		};
		C38B50BA6285516D6DCD4F65 /* [CP] Check Pods Manifest.lock */ = {
			isa = PBXShellScriptBuildPhase;
			buildActionMask = 2147483647;
			files = (
			);
			inputFileListPaths = (
			);
			inputPaths = (
				"${PODS_PODFILE_DIR_PATH}/Podfile.lock",
				"${PODS_ROOT}/Manifest.lock",
			);
			name = "[CP] Check Pods Manifest.lock";
			outputFileListPaths = (
			);
			outputPaths = (
				"$(DERIVED_FILE_DIR)/Pods-Ecommerce-checkManifestLockResult.txt",
			);
			runOnlyForDeploymentPostprocessing = 0;
			shellPath = /bin/sh;
			shellScript = "diff \"${PODS_PODFILE_DIR_PATH}/Podfile.lock\" \"${PODS_ROOT}/Manifest.lock\" > /dev/null\nif [ $? != 0 ] ; then\n    # print error to STDERR\n    echo \"error: The sandbox is not in sync with the Podfile.lock. Run 'pod install' or update your CocoaPods installation.\" >&2\n    exit 1\nfi\n# This output is used by Xcode 'outputs' to avoid re-running this script phase.\necho \"SUCCESS\" > \"${SCRIPT_OUTPUT_FILE_0}\"\n";
			showEnvVarsInLog = 0;
		};
		C59DA0FBD6956966B86A3779 /* [CP] Embed Pods Frameworks */ = {
			isa = PBXShellScriptBuildPhase;
			buildActionMask = 2147483647;
			files = (
			);
			inputFileListPaths = (
				"${PODS_ROOT}/Target Support Files/Pods-Ecommerce-EcommerceTests/Pods-Ecommerce-EcommerceTests-frameworks-${CONFIGURATION}-input-files.xcfilelist",
			);
			name = "[CP] Embed Pods Frameworks";
			outputFileListPaths = (
				"${PODS_ROOT}/Target Support Files/Pods-Ecommerce-EcommerceTests/Pods-Ecommerce-EcommerceTests-frameworks-${CONFIGURATION}-output-files.xcfilelist",
			);
			runOnlyForDeploymentPostprocessing = 0;
			shellPath = /bin/sh;
			shellScript = "\"${PODS_ROOT}/Target Support Files/Pods-Ecommerce-EcommerceTests/Pods-Ecommerce-EcommerceTests-frameworks.sh\"\n";
			showEnvVarsInLog = 0;
		};
		E235C05ADACE081382539298 /* [CP] Copy Pods Resources */ = {
			isa = PBXShellScriptBuildPhase;
			buildActionMask = 2147483647;
			files = (
			);
			inputFileListPaths = (
				"${PODS_ROOT}/Target Support Files/Pods-Ecommerce/Pods-Ecommerce-resources-${CONFIGURATION}-input-files.xcfilelist",
			);
			name = "[CP] Copy Pods Resources";
			outputFileListPaths = (
				"${PODS_ROOT}/Target Support Files/Pods-Ecommerce/Pods-Ecommerce-resources-${CONFIGURATION}-output-files.xcfilelist",
			);
			runOnlyForDeploymentPostprocessing = 0;
			shellPath = /bin/sh;
			shellScript = "\"${PODS_ROOT}/Target Support Files/Pods-Ecommerce/Pods-Ecommerce-resources.sh\"\n";
			showEnvVarsInLog = 0;
		};
		F6A41C54EA430FDDC6A6ED99 /* [CP] Copy Pods Resources */ = {
			isa = PBXShellScriptBuildPhase;
			buildActionMask = 2147483647;
			files = (
			);
			inputFileListPaths = (
				"${PODS_ROOT}/Target Support Files/Pods-Ecommerce-EcommerceTests/Pods-Ecommerce-EcommerceTests-resources-${CONFIGURATION}-input-files.xcfilelist",
			);
			name = "[CP] Copy Pods Resources";
			outputFileListPaths = (
				"${PODS_ROOT}/Target Support Files/Pods-Ecommerce-EcommerceTests/Pods-Ecommerce-EcommerceTests-resources-${CONFIGURATION}-output-files.xcfilelist",
			);
			runOnlyForDeploymentPostprocessing = 0;
			shellPath = /bin/sh;
			shellScript = "\"${PODS_ROOT}/Target Support Files/Pods-Ecommerce-EcommerceTests/Pods-Ecommerce-EcommerceTests-resources.sh\"\n";
			showEnvVarsInLog = 0;
		};
		FD10A7F022414F080027D42C /* Start Packager */ = {
			isa = PBXShellScriptBuildPhase;
			buildActionMask = 2147483647;
			files = (
			);
			inputFileListPaths = (
			);
			inputPaths = (
			);
			name = "Start Packager";
			outputFileListPaths = (
			);
			outputPaths = (
			);
			runOnlyForDeploymentPostprocessing = 0;
			shellPath = /bin/sh;
			shellScript = "export RCT_METRO_PORT=\"${RCT_METRO_PORT:=8081}\"\necho \"export RCT_METRO_PORT=${RCT_METRO_PORT}\" > \"${SRCROOT}/../node_modules/react-native/scripts/.packager.env\"\nif [ -z \"${RCT_NO_LAUNCH_PACKAGER+xxx}\" ] ; then\n  if nc -w 5 -z localhost ${RCT_METRO_PORT} ; then\n    if ! curl -s \"http://localhost:${RCT_METRO_PORT}/status\" | grep -q \"packager-status:running\" ; then\n      echo \"Port ${RCT_METRO_PORT} already in use, packager is either not running or not running correctly\"\n      exit 2\n    fi\n  else\n    open \"$SRCROOT/../node_modules/react-native/scripts/launchPackager.command\" || echo \"Can't start packager automatically\"\n  fi\nfi\n";
			showEnvVarsInLog = 0;
		};
/* End PBXShellScriptBuildPhase section */

/* Begin PBXSourcesBuildPhase section */
		00E356EA1AD99517003FC87E /* Sources */ = {
			isa = PBXSourcesBuildPhase;
			buildActionMask = 2147483647;
			files = (
				00E356F31AD99517003FC87E /* EcommerceTests.m in Sources */,
			);
			runOnlyForDeploymentPostprocessing = 0;
		};
		13B07F871A680F5B00A75B9A /* Sources */ = {
			isa = PBXSourcesBuildPhase;
			buildActionMask = 2147483647;
			files = (
				13B07FBC1A68108700A75B9A /* AppDelegate.mm in Sources */,
				13B07FC11A68108700A75B9A /* main.m in Sources */,
			);
			runOnlyForDeploymentPostprocessing = 0;
		};
/* End PBXSourcesBuildPhase section */

/* Begin PBXTargetDependency section */
		00E356F51AD99517003FC87E /* PBXTargetDependency */ = {
			isa = PBXTargetDependency;
			target = 13B07F861A680F5B00A75B9A /* Ecommerce */;
			targetProxy = 00E356F41AD99517003FC87E /* PBXContainerItemProxy */;
		};
/* End PBXTargetDependency section */

/* Begin XCBuildConfiguration section */
		00E356F61AD99517003FC87E /* Debug */ = {
			isa = XCBuildConfiguration;
			baseConfigurationReference = 5B7EB9410499542E8C5724F5 /* Pods-Ecommerce-EcommerceTests.debug.xcconfig */;
			buildSettings = {
				BUNDLE_LOADER = "$(TEST_HOST)";
				GCC_PREPROCESSOR_DEFINITIONS = (
					"DEBUG=1",
					"$(inherited)",
				);
				INFOPLIST_FILE = EcommerceTests/Info.plist;
				IPHONEOS_DEPLOYMENT_TARGET = 11.0;
				LD_RUNPATH_SEARCH_PATHS = (
					"$(inherited)",
					"@executable_path/Frameworks",
					"@loader_path/Frameworks",
				);
				OTHER_LDFLAGS = (
					"-ObjC",
					"-lc++",
					"$(inherited)",
				);
				PRODUCT_BUNDLE_IDENTIFIER = "org.reactjs.native.example.$(PRODUCT_NAME:rfc1034identifier)";
				PRODUCT_NAME = "$(TARGET_NAME)";
				TEST_HOST = "$(BUILT_PRODUCTS_DIR)/Ecommerce.app/Ecommerce";
			};
			name = Debug;
		};
		00E356F71AD99517003FC87E /* Release */ = {
			isa = XCBuildConfiguration;
			baseConfigurationReference = 89C6BE57DB24E9ADA2F236DE /* Pods-Ecommerce-EcommerceTests.release.xcconfig */;
			buildSettings = {
				BUNDLE_LOADER = "$(TEST_HOST)";
				COPY_PHASE_STRIP = NO;
				INFOPLIST_FILE = EcommerceTests/Info.plist;
				IPHONEOS_DEPLOYMENT_TARGET = 11.0;
				LD_RUNPATH_SEARCH_PATHS = (
					"$(inherited)",
					"@executable_path/Frameworks",
					"@loader_path/Frameworks",
				);
				OTHER_LDFLAGS = (
					"-ObjC",
					"-lc++",
					"$(inherited)",
				);
				PRODUCT_BUNDLE_IDENTIFIER = "org.reactjs.native.example.$(PRODUCT_NAME:rfc1034identifier)";
				PRODUCT_NAME = "$(TARGET_NAME)";
				TEST_HOST = "$(BUILT_PRODUCTS_DIR)/Ecommerce.app/Ecommerce";
			};
			name = Release;
		};
		13B07F941A680F5B00A75B9A /* Debug */ = {
			isa = XCBuildConfiguration;
			baseConfigurationReference = 3B4392A12AC88292D35C810B /* Pods-Ecommerce.debug.xcconfig */;
			buildSettings = {
				ASSETCATALOG_COMPILER_APPICON_NAME = AppIcon;
				CLANG_ENABLE_MODULES = YES;
				CURRENT_PROJECT_VERSION = 1;
				ENABLE_BITCODE = NO;
				INFOPLIST_FILE = Ecommerce/Info.plist;
				LD_RUNPATH_SEARCH_PATHS = (
					"$(inherited)",
					"@executable_path/Frameworks",
				);
				OTHER_LDFLAGS = (
					"$(inherited)",
					"-ObjC",
					"-lc++",
				);
				PRODUCT_BUNDLE_IDENTIFIER = "org.reactjs.native.example.$(PRODUCT_NAME:rfc1034identifier)";
				PRODUCT_NAME = Ecommerce;
				SWIFT_OPTIMIZATION_LEVEL = "-Onone";
				SWIFT_VERSION = 5.0;
				VERSIONING_SYSTEM = "apple-generic";
			};
			name = Debug;
		};
		13B07F951A680F5B00A75B9A /* Release */ = {
			isa = XCBuildConfiguration;
			baseConfigurationReference = 5709B34CF0A7D63546082F79 /* Pods-Ecommerce.release.xcconfig */;
			buildSettings = {
				ASSETCATALOG_COMPILER_APPICON_NAME = AppIcon;
				CLANG_ENABLE_MODULES = YES;
				CURRENT_PROJECT_VERSION = 1;
				INFOPLIST_FILE = Ecommerce/Info.plist;
				LD_RUNPATH_SEARCH_PATHS = (
					"$(inherited)",
					"@executable_path/Frameworks",
				);
				OTHER_LDFLAGS = (
					"$(inherited)",
					"-ObjC",
					"-lc++",
				);
				PRODUCT_BUNDLE_IDENTIFIER = "org.reactjs.native.example.$(PRODUCT_NAME:rfc1034identifier)";
				PRODUCT_NAME = Ecommerce;
				SWIFT_VERSION = 5.0;
				VERSIONING_SYSTEM = "apple-generic";
			};
			name = Release;
		};
		83CBBA201A601CBA00E9B192 /* Debug */ = {
			isa = XCBuildConfiguration;
			buildSettings = {
				ALWAYS_SEARCH_USER_PATHS = NO;
				CLANG_ANALYZER_LOCALIZABILITY_NONLOCALIZED = YES;
				CLANG_CXX_LANGUAGE_STANDARD = "c++17";
				CLANG_CXX_LIBRARY = "libc++";
				CLANG_ENABLE_MODULES = YES;
				CLANG_ENABLE_OBJC_ARC = YES;
				CLANG_WARN_BLOCK_CAPTURE_AUTORELEASING = YES;
				CLANG_WARN_BOOL_CONVERSION = YES;
				CLANG_WARN_COMMA = YES;
				CLANG_WARN_CONSTANT_CONVERSION = YES;
				CLANG_WARN_DEPRECATED_OBJC_IMPLEMENTATIONS = YES;
				CLANG_WARN_DIRECT_OBJC_ISA_USAGE = YES_ERROR;
				CLANG_WARN_EMPTY_BODY = YES;
				CLANG_WARN_ENUM_CONVERSION = YES;
				CLANG_WARN_INFINITE_RECURSION = YES;
				CLANG_WARN_INT_CONVERSION = YES;
				CLANG_WARN_NON_LITERAL_NULL_CONVERSION = YES;
				CLANG_WARN_OBJC_IMPLICIT_RETAIN_SELF = YES;
				CLANG_WARN_OBJC_LITERAL_CONVERSION = YES;
				CLANG_WARN_OBJC_ROOT_CLASS = YES_ERROR;
				CLANG_WARN_QUOTED_INCLUDE_IN_FRAMEWORK_HEADER = YES;
				CLANG_WARN_RANGE_LOOP_ANALYSIS = YES;
				CLANG_WARN_STRICT_PROTOTYPES = YES;
				CLANG_WARN_SUSPICIOUS_MOVE = YES;
				CLANG_WARN_UNREACHABLE_CODE = YES;
				CLANG_WARN__DUPLICATE_METHOD_MATCH = YES;
				"CODE_SIGN_IDENTITY[sdk=iphoneos*]" = "iPhone Developer";
				COPY_PHASE_STRIP = NO;
				ENABLE_STRICT_OBJC_MSGSEND = YES;
				ENABLE_TESTABILITY = YES;
				"EXCLUDED_ARCHS[sdk=iphonesimulator*]" = "";
				GCC_C_LANGUAGE_STANDARD = gnu99;
				GCC_DYNAMIC_NO_PIC = NO;
				GCC_NO_COMMON_BLOCKS = YES;
				GCC_OPTIMIZATION_LEVEL = 0;
				GCC_PREPROCESSOR_DEFINITIONS = (
					"DEBUG=1",
					"$(inherited)",
				);
				GCC_SYMBOLS_PRIVATE_EXTERN = NO;
				GCC_WARN_64_TO_32_BIT_CONVERSION = YES;
				GCC_WARN_ABOUT_RETURN_TYPE = YES_ERROR;
				GCC_WARN_UNDECLARED_SELECTOR = YES;
				GCC_WARN_UNINITIALIZED_AUTOS = YES_AGGRESSIVE;
				GCC_WARN_UNUSED_FUNCTION = YES;
				GCC_WARN_UNUSED_VARIABLE = YES;
				IPHONEOS_DEPLOYMENT_TARGET = 11.0;
				LD_RUNPATH_SEARCH_PATHS = (
					/usr/lib/swift,
					"$(inherited)",
				);
				LIBRARY_SEARCH_PATHS = (
					"\"$(SDKROOT)/usr/lib/swift\"",
					"\"$(TOOLCHAIN_DIR)/usr/lib/swift/$(PLATFORM_NAME)\"",
					"\"$(inherited)\"",
				);
				MTL_ENABLE_DEBUG_INFO = YES;
				ONLY_ACTIVE_ARCH = YES;
				OTHER_CPLUSPLUSFLAGS = (
					"$(OTHER_CFLAGS)",
					"-DFOLLY_NO_CONFIG",
					"-DFOLLY_MOBILE=1",
					"-DFOLLY_USE_LIBCPP=1",
				);
				SDKROOT = iphoneos;
			};
			name = Debug;
		};
		83CBBA211A601CBA00E9B192 /* Release */ = {
			isa = XCBuildConfiguration;
			buildSettings = {
				ALWAYS_SEARCH_USER_PATHS = NO;
				CLANG_ANALYZER_LOCALIZABILITY_NONLOCALIZED = YES;
				CLANG_CXX_LANGUAGE_STANDARD = "c++17";
				CLANG_CXX_LIBRARY = "libc++";
				CLANG_ENABLE_MODULES = YES;
				CLANG_ENABLE_OBJC_ARC = YES;
				CLANG_WARN_BLOCK_CAPTURE_AUTORELEASING = YES;
				CLANG_WARN_BOOL_CONVERSION = YES;
				CLANG_WARN_COMMA = YES;
				CLANG_WARN_CONSTANT_CONVERSION = YES;
				CLANG_WARN_DEPRECATED_OBJC_IMPLEMENTATIONS = YES;
				CLANG_WARN_DIRECT_OBJC_ISA_USAGE = YES_ERROR;
				CLANG_WARN_EMPTY_BODY = YES;
				CLANG_WARN_ENUM_CONVERSION = YES;
				CLANG_WARN_INFINITE_RECURSION = YES;
				CLANG_WARN_INT_CONVERSION = YES;
				CLANG_WARN_NON_LITERAL_NULL_CONVERSION = YES;
				CLANG_WARN_OBJC_IMPLICIT_RETAIN_SELF = YES;
				CLANG_WARN_OBJC_LITERAL_CONVERSION = YES;
				CLANG_WARN_OBJC_ROOT_CLASS = YES_ERROR;
				CLANG_WARN_QUOTED_INCLUDE_IN_FRAMEWORK_HEADER = YES;
				CLANG_WARN_RANGE_LOOP_ANALYSIS = YES;
				CLANG_WARN_STRICT_PROTOTYPES = YES;
				CLANG_WARN_SUSPICIOUS_MOVE = YES;
				CLANG_WARN_UNREACHABLE_CODE = YES;
				CLANG_WARN__DUPLICATE_METHOD_MATCH = YES;
				"CODE_SIGN_IDENTITY[sdk=iphoneos*]" = "iPhone Developer";
				COPY_PHASE_STRIP = YES;
				ENABLE_NS_ASSERTIONS = NO;
				ENABLE_STRICT_OBJC_MSGSEND = YES;
				"EXCLUDED_ARCHS[sdk=iphonesimulator*]" = "";
				GCC_C_LANGUAGE_STANDARD = gnu99;
				GCC_NO_COMMON_BLOCKS = YES;
				GCC_WARN_64_TO_32_BIT_CONVERSION = YES;
				GCC_WARN_ABOUT_RETURN_TYPE = YES_ERROR;
				GCC_WARN_UNDECLARED_SELECTOR = YES;
				GCC_WARN_UNINITIALIZED_AUTOS = YES_AGGRESSIVE;
				GCC_WARN_UNUSED_FUNCTION = YES;
				GCC_WARN_UNUSED_VARIABLE = YES;
				IPHONEOS_DEPLOYMENT_TARGET = 11.0;
				LD_RUNPATH_SEARCH_PATHS = (
					/usr/lib/swift,
					"$(inherited)",
				);
				LIBRARY_SEARCH_PATHS = (
					"\"$(SDKROOT)/usr/lib/swift\"",
					"\"$(TOOLCHAIN_DIR)/usr/lib/swift/$(PLATFORM_NAME)\"",
					"\"$(inherited)\"",
				);
				MTL_ENABLE_DEBUG_INFO = NO;
				OTHER_CPLUSPLUSFLAGS = (
					"$(OTHER_CFLAGS)",
					"-DFOLLY_NO_CONFIG",
					"-DFOLLY_MOBILE=1",
					"-DFOLLY_USE_LIBCPP=1",
				);
				SDKROOT = iphoneos;
				VALIDATE_PRODUCT = YES;
			};
			name = Release;
		};
/* End XCBuildConfiguration section */

/* Begin XCConfigurationList section */
		00E357021AD99517003FC87E /* Build configuration list for PBXNativeTarget "EcommerceTests" */ = {
			isa = XCConfigurationList;
			buildConfigurations = (
				00E356F61AD99517003FC87E /* Debug */,
				00E356F71AD99517003FC87E /* Release */,
			);
			defaultConfigurationIsVisible = 0;
			defaultConfigurationName = Release;
		};
		13B07F931A680F5B00A75B9A /* Build configuration list for PBXNativeTarget "Ecommerce" */ = {
			isa = XCConfigurationList;
			buildConfigurations = (
				13B07F941A680F5B00A75B9A /* Debug */,
				13B07F951A680F5B00A75B9A /* Release */,
			);
			defaultConfigurationIsVisible = 0;
			defaultConfigurationName = Release;
		};
		83CBB9FA1A601CBA00E9B192 /* Build configuration list for PBXProject "Ecommerce" */ = {
			isa = XCConfigurationList;
			buildConfigurations = (
				83CBBA201A601CBA00E9B192 /* Debug */,
				83CBBA211A601CBA00E9B192 /* Release */,
			);
			defaultConfigurationIsVisible = 0;
			defaultConfigurationName = Release;
		};
/* End XCConfigurationList section */
	};
	rootObject = 83CBB9F71A601CBA00E9B192 /* Project object */;
}
